
Microsoft Visual Studio Solution File, Format Version 12.00
# Visual Studio Version 16
VisualStudioVersion = 16.0.30413.136
MinimumVisualStudioVersion = 10.0.40219.1
Project("{9A19103F-16F7-4668-BE54-9A1E7A4F7556}") = "J2NET", "J2NET\J2NET.csproj", "{F8A51905-E252-4CA1-B8D5-9B3B65966389}"
EndProject
Project("{FAE04EC0-301F-11D3-BF4B-00C04F79EFBC}") = "J2NET.Sample", "J2NET.Sample\J2NET.Sample.csproj", "{04C04262-E5B7-4D53-BED7-7B0AE50FE5D8}"
EndProject
Project("{2150E333-8FDC-42A3-9474-1A3956D46DE8}") = "Runtimes", "Runtimes", "{CA46376A-0FAA-4AA1-9B21-995EFE3954D4}"
EndProject
Project("{FAE04EC0-301F-11D3-BF4B-00C04F79EFBC}") = "J2NET.Runtime.macOS-x64", "runtimes\J2NET.Runtime.macOS-x64\J2NET.Runtime.macOS-x64.csproj", "{7F710AAA-F22F-4B44-ACB5-DD9C14BD841B}"
EndProject
Project("{FAE04EC0-301F-11D3-BF4B-00C04F79EFBC}") = "J2NET.Runtime.macOS-arm64", "runtimes\J2NET.Runtime.macOS-arm64\J2NET.Runtime.macOS-arm64.csproj", "{552BC6B9-FE33-48FE-92EC-3B1ACEF73F56}"
EndProject
Project("{FAE04EC0-301F-11D3-BF4B-00C04F79EFBC}") = "J2NET.Runtime.win-x64", "runtimes\J2NET.Runtime.win-x64\J2NET.Runtime.win-x64.csproj", "{44E1088B-F4C7-491B-B354-4A45A142DE3C}"
EndProject
Project("{FAE04EC0-301F-11D3-BF4B-00C04F79EFBC}") = "J2NET.Runtime.linux-arm64", "runtimes\J2NET.Runtime.linux-arm64\J2NET.Runtime.linux-arm64.csproj", "{3E684521-279B-4D86-ABE9-1A88F40EFDB0}"
EndProject
Project("{FAE04EC0-301F-11D3-BF4B-00C04F79EFBC}") = "J2NET.Runtime.linux-musl-x64", "runtimes\J2NET.Runtime.linux-musl-x64\J2NET.Runtime.linux-musl-x64.csproj", "{DF848049-6392-47A1-8E8D-07D34578F45C}"
EndProject
Project("{FAE04EC0-301F-11D3-BF4B-00C04F79EFBC}") = "J2NET.Runtime.linux-x64", "runtimes\J2NET.Runtime.linux-x64\J2NET.Runtime.linux-x64.csproj", "{087ED79D-1C8B-4CC3-80BD-4CBDD1A6CF83}"
EndProject
Project("{FAE04EC0-301F-11D3-BF4B-00C04F79EFBC}") = "J2NET.Runtime.win-x86", "runtimes\J2NET.Runtime.win-x86\J2NET.Runtime.win-x86.csproj", "{1DBD4AA2-2CE5-4A26-87FE-4B655FA6F2A7}"
EndProject
Global
	GlobalSection(SolutionConfigurationPlatforms) = preSolution
		Debug|Any CPU = Debug|Any CPU
		Release|Any CPU = Release|Any CPU
	EndGlobalSection
	GlobalSection(ProjectConfigurationPlatforms) = postSolution
		{F8A51905-E252-4CA1-B8D5-9B3B65966389}.Debug|Any CPU.ActiveCfg = Debug|Any CPU
		{F8A51905-E252-4CA1-B8D5-9B3B65966389}.Debug|Any CPU.Build.0 = Debug|Any CPU
		{F8A51905-E252-4CA1-B8D5-9B3B65966389}.Release|Any CPU.ActiveCfg = Release|Any CPU
		{F8A51905-E252-4CA1-B8D5-9B3B65966389}.Release|Any CPU.Build.0 = Release|Any CPU
		{04C04262-E5B7-4D53-BED7-7B0AE50FE5D8}.Debug|Any CPU.ActiveCfg = Debug|Any CPU
		{04C04262-E5B7-4D53-BED7-7B0AE50FE5D8}.Debug|Any CPU.Build.0 = Debug|Any CPU
		{04C04262-E5B7-4D53-BED7-7B0AE50FE5D8}.Release|Any CPU.ActiveCfg = Release|Any CPU
		{04C04262-E5B7-4D53-BED7-7B0AE50FE5D8}.Release|Any CPU.Build.0 = Release|Any CPU
		{7F710AAA-F22F-4B44-ACB5-DD9C14BD841B}.Debug|Any CPU.ActiveCfg = Debug|Any CPU
		{7F710AAA-F22F-4B44-ACB5-DD9C14BD841B}.Debug|Any CPU.Build.0 = Debug|Any CPU
		{7F710AAA-F22F-4B44-ACB5-DD9C14BD841B}.Release|Any CPU.ActiveCfg = Release|Any CPU
		{7F710AAA-F22F-4B44-ACB5-DD9C14BD841B}.Release|Any CPU.Build.0 = Release|Any CPU
		{552BC6B9-FE33-48FE-92EC-3B1ACEF73F56}.Debug|Any CPU.ActiveCfg = Debug|Any CPU
		{552BC6B9-FE33-48FE-92EC-3B1ACEF73F56}.Debug|Any CPU.Build.0 = Debug|Any CPU
		{552BC6B9-FE33-48FE-92EC-3B1ACEF73F56}.Release|Any CPU.ActiveCfg = Release|Any CPU
		{552BC6B9-FE33-48FE-92EC-3B1ACEF73F56}.Release|Any CPU.Build.0 = Release|Any CPU
		{44E1088B-F4C7-491B-B354-4A45A142DE3C}.Debug|Any CPU.ActiveCfg = Debug|Any CPU
		{44E1088B-F4C7-491B-B354-4A45A142DE3C}.Debug|Any CPU.Build.0 = Debug|Any CPU
		{44E1088B-F4C7-491B-B354-4A45A142DE3C}.Release|Any CPU.ActiveCfg = Release|Any CPU
		{44E1088B-F4C7-491B-B354-4A45A142DE3C}.Release|Any CPU.Build.0 = Release|Any CPU
		{3E684521-279B-4D86-ABE9-1A88F40EFDB0}.Debug|Any CPU.ActiveCfg = Debug|Any CPU
		{3E684521-279B-4D86-ABE9-1A88F40EFDB0}.Debug|Any CPU.Build.0 = Debug|Any CPU
		{3E684521-279B-4D86-ABE9-1A88F40EFDB0}.Release|Any CPU.ActiveCfg = Release|Any CPU
		{3E684521-279B-4D86-ABE9-1A88F40EFDB0}.Release|Any CPU.Build.0 = Release|Any CPU
		{DF848049-6392-47A1-8E8D-07D34578F45C}.Debug|Any CPU.ActiveCfg = Debug|Any CPU
		{DF848049-6392-47A1-8E8D-07D34578F45C}.Debug|Any CPU.Build.0 = Debug|Any CPU
		{DF848049-6392-47A1-8E8D-07D34578F45C}.Release|Any CPU.ActiveCfg = Release|Any CPU
		{DF848049-6392-47A1-8E8D-07D34578F45C}.Release|Any CPU.Build.0 = Release|Any CPU
		{087ED79D-1C8B-4CC3-80BD-4CBDD1A6CF83}.Debug|Any CPU.ActiveCfg = Debug|Any CPU
		{087ED79D-1C8B-4CC3-80BD-4CBDD1A6CF83}.Debug|Any CPU.Build.0 = Debug|Any CPU
		{087ED79D-1C8B-4CC3-80BD-4CBDD1A6CF83}.Release|Any CPU.ActiveCfg = Release|Any CPU
		{087ED79D-1C8B-4CC3-80BD-4CBDD1A6CF83}.Release|Any CPU.Build.0 = Release|Any CPU
		{1DBD4AA2-2CE5-4A26-87FE-4B655FA6F2A7}.Debug|Any CPU.ActiveCfg = Debug|Any CPU
		{1DBD4AA2-2CE5-4A26-87FE-4B655FA6F2A7}.Debug|Any CPU.Build.0 = Debug|Any CPU
		{1DBD4AA2-2CE5-4A26-87FE-4B655FA6F2A7}.Release|Any CPU.ActiveCfg = Release|Any CPU
		{1DBD4AA2-2CE5-4A26-87FE-4B655FA6F2A7}.Release|Any CPU.Build.0 = Release|Any CPU
	EndGlobalSection
	GlobalSection(SolutionProperties) = preSolution
		HideSolutionNode = FALSE
	EndGlobalSection
	GlobalSection(ExtensibilityGlobals) = postSolution
		SolutionGuid = {394EFCC8-432F-49FD-B3EB-396EAB7F8636}
	EndGlobalSection
	GlobalSection(NestedProjects) = preSolution
		{7F710AAA-F22F-4B44-ACB5-DD9C14BD841B} = {CA46376A-0FAA-4AA1-9B21-995EFE3954D4}
		{552BC6B9-FE33-48FE-92EC-3B1ACEF73F56} = {CA46376A-0FAA-4AA1-9B21-995EFE3954D4}
		{44E1088B-F4C7-491B-B354-4A45A142DE3C} = {CA46376A-0FAA-4AA1-9B21-995EFE3954D4}
		{3E684521-279B-4D86-ABE9-1A88F40EFDB0} = {CA46376A-0FAA-4AA1-9B21-995EFE3954D4}
		{DF848049-6392-47A1-8E8D-07D34578F45C} = {CA46376A-0FAA-4AA1-9B21-995EFE3954D4}
		{087ED79D-1C8B-4CC3-80BD-4CBDD1A6CF83} = {CA46376A-0FAA-4AA1-9B21-995EFE3954D4}
		{1DBD4AA2-2CE5-4A26-87FE-4B655FA6F2A7} = {CA46376A-0FAA-4AA1-9B21-995EFE3954D4}
	EndGlobalSection
EndGlobal
